
Microsoft Visual Studio Solution File, Format Version 12.00
# Visual Studio Version 17
VisualStudioVersion = 17.3.32922.545
MinimumVisualStudioVersion = 10.0.40219.1
Project("{FAE04EC0-301F-11D3-BF4B-00C04F79EFBC}") = "FileSyncExample", "FileSyncExample\FileSyncExample.csproj", "{4CC00CB3-DF8B-4843-8869-454C8F5432ED}"
EndProject
Global
	GlobalSection(SolutionConfigurationPlatforms) = preSolution
		Debug|Any CPU = Debug|Any CPU
		Release|Any CPU = Release|Any CPU
	EndGlobalSection
	GlobalSection(ProjectConfigurationPlatforms) = postSolution
		{4CC00CB3-DF8B-4843-8869-454C8F5432ED}.Debug|Any CPU.ActiveCfg = Debug|Any CPU
		{4CC00CB3-DF8B-4843-8869-454C8F5432ED}.Debug|Any CPU.Build.0 = Debug|Any CPU
		{4CC00CB3-DF8B-4843-8869-454C8F5432ED}.Release|Any CPU.ActiveCfg = Release|Any CPU
		{4CC00CB3-DF8B-4843-8869-454C8F5432ED}.Release|Any CPU.Build.0 = Release|Any CPU
	EndGlobalSection
	GlobalSection(SolutionProperties) = preSolution
		HideSolutionNode = FALSE
	EndGlobalSection
	GlobalSection(ExtensibilityGlobals) = postSolution
		SolutionGuid = {80AE26F9-43A5-4D06-83BF-DA3FC93D038A}
	EndGlobalSection
EndGlobal
